
Microsoft Visual Studio Solution File, Format Version 12.00
# Visual Studio 15
Project("{FAE04EC0-301F-11D3-BF4B-00C04F79EFBC}") = "RegicideAuthorizer", "RegicideAuthorizer.csproj", "{892F8D30-EEB8-41FC-A8EF-5B3F3C99A550}"
EndProject
Global
	GlobalSection(SolutionConfigurationPlatforms) = preSolution
		Debug|Any CPU = Debug|Any CPU
		Release|Any CPU = Release|Any CPU
	EndGlobalSection
	GlobalSection(ProjectConfigurationPlatforms) = postSolution
		{892F8D30-EEB8-41FC-A8EF-5B3F3C99A550}.Debug|Any CPU.ActiveCfg = Debug|Any CPU
		{892F8D30-EEB8-41FC-A8EF-5B3F3C99A550}.Debug|Any CPU.Build.0 = Debug|Any CPU
		{892F8D30-EEB8-41FC-A8EF-5B3F3C99A550}.Release|Any CPU.ActiveCfg = Release|Any CPU
		{892F8D30-EEB8-41FC-A8EF-5B3F3C99A550}.Release|Any CPU.Build.0 = Release|Any CPU
	EndGlobalSection
EndGlobal
