
Microsoft Visual Studio Solution File, Format Version 12.00
# Visual Studio 15
Project("{FAE04EC0-301F-11D3-BF4B-00C04F79EFBC}") = "S3Test", "S3Test.csproj", "{13ACD46B-2EF1-495F-A16B-EE8F8EB8E7EF}"
EndProject
Global
	GlobalSection(SolutionConfigurationPlatforms) = preSolution
		Debug|Any CPU = Debug|Any CPU
		Release|Any CPU = Release|Any CPU
	EndGlobalSection
	GlobalSection(ProjectConfigurationPlatforms) = postSolution
		{13ACD46B-2EF1-495F-A16B-EE8F8EB8E7EF}.Debug|Any CPU.ActiveCfg = Debug|Any CPU
		{13ACD46B-2EF1-495F-A16B-EE8F8EB8E7EF}.Debug|Any CPU.Build.0 = Debug|Any CPU
		{13ACD46B-2EF1-495F-A16B-EE8F8EB8E7EF}.Release|Any CPU.ActiveCfg = Release|Any CPU
		{13ACD46B-2EF1-495F-A16B-EE8F8EB8E7EF}.Release|Any CPU.Build.0 = Release|Any CPU
	EndGlobalSection
EndGlobal
